
Microsoft Visual Studio Solution File, Format Version 12.00
# Visual Studio Version 16
VisualStudioVersion = 16.0.30413.136
MinimumVisualStudioVersion = 10.0.40219.1
Project("{9A19103F-16F7-4668-BE54-9A1E7A4F7556}") = "DistanceBetweenVertices", "Distance between vertices\DistanceBetweenVertices.csproj", "{7C375B41-F907-4E8B-8D64-035302844A59}"
EndProject
Project("{9A19103F-16F7-4668-BE54-9A1E7A4F7556}") = "AreasInMatrix", "AreasInMatrix\AreasInMatrix.csproj", "{9ED41C8E-C3DA-4A02-8604-EBA950469DF6}"
EndProject
Project("{9A19103F-16F7-4668-BE54-9A1E7A4F7556}") = "CyclesInGraph", "CyclesInGraph\CyclesInGraph.csproj", "{E1F9458A-93C5-4C35-B0FB-096460BAC497}"
EndProject
Project("{FAE04EC0-301F-11D3-BF4B-00C04F79EFBC}") = "Salaries", "Salaries\Salaries.csproj", "{E2645C2E-C29A-4B54-AD63-301383BEA60B}"
EndProject
Project("{FAE04EC0-301F-11D3-BF4B-00C04F79EFBC}") = "BreakCycles", "BreakCycles\BreakCycles.csproj", "{DECB06A2-24CF-497E-962E-53ECA10DB558}"
EndProject
Global
	GlobalSection(SolutionConfigurationPlatforms) = preSolution
		Debug|Any CPU = Debug|Any CPU
		Release|Any CPU = Release|Any CPU
	EndGlobalSection
	GlobalSection(ProjectConfigurationPlatforms) = postSolution
		{7C375B41-F907-4E8B-8D64-035302844A59}.Debug|Any CPU.ActiveCfg = Debug|Any CPU
		{7C375B41-F907-4E8B-8D64-035302844A59}.Debug|Any CPU.Build.0 = Debug|Any CPU
		{7C375B41-F907-4E8B-8D64-035302844A59}.Release|Any CPU.ActiveCfg = Release|Any CPU
		{7C375B41-F907-4E8B-8D64-035302844A59}.Release|Any CPU.Build.0 = Release|Any CPU
		{9ED41C8E-C3DA-4A02-8604-EBA950469DF6}.Debug|Any CPU.ActiveCfg = Debug|Any CPU
		{9ED41C8E-C3DA-4A02-8604-EBA950469DF6}.Debug|Any CPU.Build.0 = Debug|Any CPU
		{9ED41C8E-C3DA-4A02-8604-EBA950469DF6}.Release|Any CPU.ActiveCfg = Release|Any CPU
		{9ED41C8E-C3DA-4A02-8604-EBA950469DF6}.Release|Any CPU.Build.0 = Release|Any CPU
		{E1F9458A-93C5-4C35-B0FB-096460BAC497}.Debug|Any CPU.ActiveCfg = Debug|Any CPU
		{E1F9458A-93C5-4C35-B0FB-096460BAC497}.Debug|Any CPU.Build.0 = Debug|Any CPU
		{E1F9458A-93C5-4C35-B0FB-096460BAC497}.Release|Any CPU.ActiveCfg = Release|Any CPU
		{E1F9458A-93C5-4C35-B0FB-096460BAC497}.Release|Any CPU.Build.0 = Release|Any CPU
		{E2645C2E-C29A-4B54-AD63-301383BEA60B}.Debug|Any CPU.ActiveCfg = Debug|Any CPU
		{E2645C2E-C29A-4B54-AD63-301383BEA60B}.Debug|Any CPU.Build.0 = Debug|Any CPU
		{E2645C2E-C29A-4B54-AD63-301383BEA60B}.Release|Any CPU.ActiveCfg = Release|Any CPU
		{E2645C2E-C29A-4B54-AD63-301383BEA60B}.Release|Any CPU.Build.0 = Release|Any CPU
		{DECB06A2-24CF-497E-962E-53ECA10DB558}.Debug|Any CPU.ActiveCfg = Debug|Any CPU
		{DECB06A2-24CF-497E-962E-53ECA10DB558}.Debug|Any CPU.Build.0 = Debug|Any CPU
		{DECB06A2-24CF-497E-962E-53ECA10DB558}.Release|Any CPU.ActiveCfg = Release|Any CPU
		{DECB06A2-24CF-497E-962E-53ECA10DB558}.Release|Any CPU.Build.0 = Release|Any CPU
	EndGlobalSection
	GlobalSection(SolutionProperties) = preSolution
		HideSolutionNode = FALSE
	EndGlobalSection
	GlobalSection(ExtensibilityGlobals) = postSolution
		SolutionGuid = {8D26B7AA-6ACC-414D-A804-ACF4A91625CB}
	EndGlobalSection
EndGlobal
