
Microsoft Visual Studio Solution File, Format Version 12.00
# Visual Studio Version 16
VisualStudioVersion = 16.0.30413.136
MinimumVisualStudioVersion = 10.0.40219.1
Project("{FAE04EC0-301F-11D3-BF4B-00C04F79EFBC}") = "RecursiveArraySum", "RecursiveArraySum\RecursiveArraySum.csproj", "{839C7164-1075-4B75-8C16-9D96FE36BCC8}"
EndProject
Project("{FAE04EC0-301F-11D3-BF4B-00C04F79EFBC}") = "RecursiveDrawing", "RecursiveDrawing\RecursiveDrawing.csproj", "{9A9D0C8E-434B-4E68-8363-C3B302B8B5D4}"
EndProject
Project("{FAE04EC0-301F-11D3-BF4B-00C04F79EFBC}") = "RecursiveFactorial", "RecursiveFactorial\RecursiveFactorial.csproj", "{093D09E0-6CC5-4EF2-8BA8-6DDFF8D171CC}"
EndProject
Project("{FAE04EC0-301F-11D3-BF4B-00C04F79EFBC}") = "GeneratingVectors", "GeneratingVectors\GeneratingVectors.csproj", "{77AE1D3B-A6F3-4409-AF27-08D09684277A}"
EndProject
Project("{FAE04EC0-301F-11D3-BF4B-00C04F79EFBC}") = "Labyrinth", "Labyrinth\Labyrinth.csproj", "{C88764E6-D4E7-46B1-B9EE-F65506832267}"
EndProject
Global
	GlobalSection(SolutionConfigurationPlatforms) = preSolution
		Debug|Any CPU = Debug|Any CPU
		Release|Any CPU = Release|Any CPU
	EndGlobalSection
	GlobalSection(ProjectConfigurationPlatforms) = postSolution
		{839C7164-1075-4B75-8C16-9D96FE36BCC8}.Debug|Any CPU.ActiveCfg = Debug|Any CPU
		{839C7164-1075-4B75-8C16-9D96FE36BCC8}.Debug|Any CPU.Build.0 = Debug|Any CPU
		{839C7164-1075-4B75-8C16-9D96FE36BCC8}.Release|Any CPU.ActiveCfg = Release|Any CPU
		{839C7164-1075-4B75-8C16-9D96FE36BCC8}.Release|Any CPU.Build.0 = Release|Any CPU
		{9A9D0C8E-434B-4E68-8363-C3B302B8B5D4}.Debug|Any CPU.ActiveCfg = Debug|Any CPU
		{9A9D0C8E-434B-4E68-8363-C3B302B8B5D4}.Debug|Any CPU.Build.0 = Debug|Any CPU
		{9A9D0C8E-434B-4E68-8363-C3B302B8B5D4}.Release|Any CPU.ActiveCfg = Release|Any CPU
		{9A9D0C8E-434B-4E68-8363-C3B302B8B5D4}.Release|Any CPU.Build.0 = Release|Any CPU
		{093D09E0-6CC5-4EF2-8BA8-6DDFF8D171CC}.Debug|Any CPU.ActiveCfg = Debug|Any CPU
		{093D09E0-6CC5-4EF2-8BA8-6DDFF8D171CC}.Debug|Any CPU.Build.0 = Debug|Any CPU
		{093D09E0-6CC5-4EF2-8BA8-6DDFF8D171CC}.Release|Any CPU.ActiveCfg = Release|Any CPU
		{093D09E0-6CC5-4EF2-8BA8-6DDFF8D171CC}.Release|Any CPU.Build.0 = Release|Any CPU
		{77AE1D3B-A6F3-4409-AF27-08D09684277A}.Debug|Any CPU.ActiveCfg = Debug|Any CPU
		{77AE1D3B-A6F3-4409-AF27-08D09684277A}.Debug|Any CPU.Build.0 = Debug|Any CPU
		{77AE1D3B-A6F3-4409-AF27-08D09684277A}.Release|Any CPU.ActiveCfg = Release|Any CPU
		{77AE1D3B-A6F3-4409-AF27-08D09684277A}.Release|Any CPU.Build.0 = Release|Any CPU
		{C88764E6-D4E7-46B1-B9EE-F65506832267}.Debug|Any CPU.ActiveCfg = Debug|Any CPU
		{C88764E6-D4E7-46B1-B9EE-F65506832267}.Debug|Any CPU.Build.0 = Debug|Any CPU
		{C88764E6-D4E7-46B1-B9EE-F65506832267}.Release|Any CPU.ActiveCfg = Release|Any CPU
		{C88764E6-D4E7-46B1-B9EE-F65506832267}.Release|Any CPU.Build.0 = Release|Any CPU
	EndGlobalSection
	GlobalSection(SolutionProperties) = preSolution
		HideSolutionNode = FALSE
	EndGlobalSection
	GlobalSection(ExtensibilityGlobals) = postSolution
		SolutionGuid = {D6DCF8A5-EBE4-425E-8B6F-43A16FB9DB78}
	EndGlobalSection
EndGlobal
