
Microsoft Visual Studio Solution File, Format Version 12.00
# Visual Studio Version 16
VisualStudioVersion = 16.0.30413.136
MinimumVisualStudioVersion = 10.0.40219.1
Project("{9A19103F-16F7-4668-BE54-9A1E7A4F7556}") = "GraphDFS", "GraphDFS\GraphDFS.csproj", "{830BA955-C3F6-437E-9967-A0F252B97DE7}"
EndProject
Project("{9A19103F-16F7-4668-BE54-9A1E7A4F7556}") = "GraphBFS", "GraphBFS\GraphBFS.csproj", "{8790C0E9-492D-4DE8-BE76-11B4FD7526B9}"
EndProject
Project("{FAE04EC0-301F-11D3-BF4B-00C04F79EFBC}") = "ConnectedComponents", "ConnectedComponents\ConnectedComponents.csproj", "{499118E6-ED57-401B-BD3B-2F4E7EDF6B97}"
EndProject
Project("{FAE04EC0-301F-11D3-BF4B-00C04F79EFBC}") = "SourceRemovalTopologicalSorting", "SourceRemovalTopologicalSortin\SourceRemovalTopologicalSorting.csproj", "{FC2611F3-F862-4DF0-A263-E944150F3F27}"
EndProject
Project("{FAE04EC0-301F-11D3-BF4B-00C04F79EFBC}") = "ShortestPath", "ShortestPath\ShortestPath.csproj", "{407CE024-C4AC-4DDA-B99E-8E4E64C87BD1}"
EndProject
Global
	GlobalSection(SolutionConfigurationPlatforms) = preSolution
		Debug|Any CPU = Debug|Any CPU
		Release|Any CPU = Release|Any CPU
	EndGlobalSection
	GlobalSection(ProjectConfigurationPlatforms) = postSolution
		{830BA955-C3F6-437E-9967-A0F252B97DE7}.Debug|Any CPU.ActiveCfg = Debug|Any CPU
		{830BA955-C3F6-437E-9967-A0F252B97DE7}.Debug|Any CPU.Build.0 = Debug|Any CPU
		{830BA955-C3F6-437E-9967-A0F252B97DE7}.Release|Any CPU.ActiveCfg = Release|Any CPU
		{830BA955-C3F6-437E-9967-A0F252B97DE7}.Release|Any CPU.Build.0 = Release|Any CPU
		{8790C0E9-492D-4DE8-BE76-11B4FD7526B9}.Debug|Any CPU.ActiveCfg = Debug|Any CPU
		{8790C0E9-492D-4DE8-BE76-11B4FD7526B9}.Debug|Any CPU.Build.0 = Debug|Any CPU
		{8790C0E9-492D-4DE8-BE76-11B4FD7526B9}.Release|Any CPU.ActiveCfg = Release|Any CPU
		{8790C0E9-492D-4DE8-BE76-11B4FD7526B9}.Release|Any CPU.Build.0 = Release|Any CPU
		{499118E6-ED57-401B-BD3B-2F4E7EDF6B97}.Debug|Any CPU.ActiveCfg = Debug|Any CPU
		{499118E6-ED57-401B-BD3B-2F4E7EDF6B97}.Debug|Any CPU.Build.0 = Debug|Any CPU
		{499118E6-ED57-401B-BD3B-2F4E7EDF6B97}.Release|Any CPU.ActiveCfg = Release|Any CPU
		{499118E6-ED57-401B-BD3B-2F4E7EDF6B97}.Release|Any CPU.Build.0 = Release|Any CPU
		{FC2611F3-F862-4DF0-A263-E944150F3F27}.Debug|Any CPU.ActiveCfg = Debug|Any CPU
		{FC2611F3-F862-4DF0-A263-E944150F3F27}.Debug|Any CPU.Build.0 = Debug|Any CPU
		{FC2611F3-F862-4DF0-A263-E944150F3F27}.Release|Any CPU.ActiveCfg = Release|Any CPU
		{FC2611F3-F862-4DF0-A263-E944150F3F27}.Release|Any CPU.Build.0 = Release|Any CPU
		{407CE024-C4AC-4DDA-B99E-8E4E64C87BD1}.Debug|Any CPU.ActiveCfg = Debug|Any CPU
		{407CE024-C4AC-4DDA-B99E-8E4E64C87BD1}.Debug|Any CPU.Build.0 = Debug|Any CPU
		{407CE024-C4AC-4DDA-B99E-8E4E64C87BD1}.Release|Any CPU.ActiveCfg = Release|Any CPU
		{407CE024-C4AC-4DDA-B99E-8E4E64C87BD1}.Release|Any CPU.Build.0 = Release|Any CPU
	EndGlobalSection
	GlobalSection(SolutionProperties) = preSolution
		HideSolutionNode = FALSE
	EndGlobalSection
	GlobalSection(ExtensibilityGlobals) = postSolution
		SolutionGuid = {65954151-41FE-4C33-8683-B71E4DEAAADA}
	EndGlobalSection
EndGlobal
