
Microsoft Visual Studio Solution File, Format Version 12.00
# Visual Studio Version 16
VisualStudioVersion = 16.0.30413.136
MinimumVisualStudioVersion = 10.0.40219.1
Project("{FAE04EC0-301F-11D3-BF4B-00C04F79EFBC}") = "TwoMinutesToMidnight", "TwoMinutesToMidnight\TwoMinutesToMidnight.csproj", "{CD426323-C309-4041-929A-7338133863C3}"
EndProject
Project("{FAE04EC0-301F-11D3-BF4B-00C04F79EFBC}") = "Time", "Time\Time.csproj", "{D3677EB1-F10B-474B-B162-C6B23991F184}"
EndProject
Project("{FAE04EC0-301F-11D3-BF4B-00C04F79EFBC}") = "TheStoryTelling", "TheStoryTelling\TheStoryTelling.csproj", "{6C4672A5-BB26-42DB-937F-90574A8FDB63}"
EndProject
Global
	GlobalSection(SolutionConfigurationPlatforms) = preSolution
		Debug|Any CPU = Debug|Any CPU
		Release|Any CPU = Release|Any CPU
	EndGlobalSection
	GlobalSection(ProjectConfigurationPlatforms) = postSolution
		{CD426323-C309-4041-929A-7338133863C3}.Debug|Any CPU.ActiveCfg = Debug|Any CPU
		{CD426323-C309-4041-929A-7338133863C3}.Debug|Any CPU.Build.0 = Debug|Any CPU
		{CD426323-C309-4041-929A-7338133863C3}.Release|Any CPU.ActiveCfg = Release|Any CPU
		{CD426323-C309-4041-929A-7338133863C3}.Release|Any CPU.Build.0 = Release|Any CPU
		{D3677EB1-F10B-474B-B162-C6B23991F184}.Debug|Any CPU.ActiveCfg = Debug|Any CPU
		{D3677EB1-F10B-474B-B162-C6B23991F184}.Debug|Any CPU.Build.0 = Debug|Any CPU
		{D3677EB1-F10B-474B-B162-C6B23991F184}.Release|Any CPU.ActiveCfg = Release|Any CPU
		{D3677EB1-F10B-474B-B162-C6B23991F184}.Release|Any CPU.Build.0 = Release|Any CPU
		{6C4672A5-BB26-42DB-937F-90574A8FDB63}.Debug|Any CPU.ActiveCfg = Debug|Any CPU
		{6C4672A5-BB26-42DB-937F-90574A8FDB63}.Debug|Any CPU.Build.0 = Debug|Any CPU
		{6C4672A5-BB26-42DB-937F-90574A8FDB63}.Release|Any CPU.ActiveCfg = Release|Any CPU
		{6C4672A5-BB26-42DB-937F-90574A8FDB63}.Release|Any CPU.Build.0 = Release|Any CPU
	EndGlobalSection
	GlobalSection(SolutionProperties) = preSolution
		HideSolutionNode = FALSE
	EndGlobalSection
	GlobalSection(ExtensibilityGlobals) = postSolution
		SolutionGuid = {D429AA4B-5BA0-4362-936D-853F501FAD31}
	EndGlobalSection
EndGlobal
